
Microsoft Visual Studio Solution File, Format Version 12.00
# Visual Studio Version 16
VisualStudioVersion = 16.0.30907.101
MinimumVisualStudioVersion = 10.0.40219.1
Project("{FAE04EC0-301F-11D3-BF4B-00C04F79EFBC}") = "MyDictionary", "MyDictionary\MyDictionary.csproj", "{1334AE7C-D876-41DE-9895-BE0AC1F17988}"
EndProject
Global
	GlobalSection(SolutionConfigurationPlatforms) = preSolution
		Debug|Any CPU = Debug|Any CPU
		Release|Any CPU = Release|Any CPU
	EndGlobalSection
	GlobalSection(ProjectConfigurationPlatforms) = postSolution
		{1334AE7C-D876-41DE-9895-BE0AC1F17988}.Debug|Any CPU.ActiveCfg = Debug|Any CPU
		{1334AE7C-D876-41DE-9895-BE0AC1F17988}.Debug|Any CPU.Build.0 = Debug|Any CPU
		{1334AE7C-D876-41DE-9895-BE0AC1F17988}.Release|Any CPU.ActiveCfg = Release|Any CPU
		{1334AE7C-D876-41DE-9895-BE0AC1F17988}.Release|Any CPU.Build.0 = Release|Any CPU
	EndGlobalSection
	GlobalSection(SolutionProperties) = preSolution
		HideSolutionNode = FALSE
	EndGlobalSection
	GlobalSection(ExtensibilityGlobals) = postSolution
		SolutionGuid = {440E48B3-2EEB-4D32-9C11-8CFE6CF1793B}
	EndGlobalSection
EndGlobal
